
Microsoft Visual Studio Solution File, Format Version 12.00
# Visual Studio 15
Project("{FAE04EC0-301F-11D3-BF4B-00C04F79EFBC}") = "Chess Battle Royale", "Chess Battle Royale.csproj", "{85B016CA-BA41-A191-ED77-7B6D915633D0}"
EndProject
Project("{FAE04EC0-301F-11D3-BF4B-00C04F79EFBC}") = "Chess Battle Royale.Editor", "Chess Battle Royale.Editor.csproj", "{9A469775-B3EA-E493-723A-5698FA02DDDF}"
EndProject
Global
	GlobalSection(SolutionConfigurationPlatforms) = preSolution
		Debug|Any CPU = Debug|Any CPU
		Release|Any CPU = Release|Any CPU
	EndGlobalSection
	GlobalSection(ProjectConfigurationPlatforms) = postSolution
		{85B016CA-BA41-A191-ED77-7B6D915633D0}.Debug|Any CPU.ActiveCfg = Debug|Any CPU
		{85B016CA-BA41-A191-ED77-7B6D915633D0}.Debug|Any CPU.Build.0 = Debug|Any CPU
		{85B016CA-BA41-A191-ED77-7B6D915633D0}.Release|Any CPU.ActiveCfg = Release|Any CPU
		{85B016CA-BA41-A191-ED77-7B6D915633D0}.Release|Any CPU.Build.0 = Release|Any CPU
		{9A469775-B3EA-E493-723A-5698FA02DDDF}.Debug|Any CPU.ActiveCfg = Debug|Any CPU
		{9A469775-B3EA-E493-723A-5698FA02DDDF}.Debug|Any CPU.Build.0 = Debug|Any CPU
		{9A469775-B3EA-E493-723A-5698FA02DDDF}.Release|Any CPU.ActiveCfg = Release|Any CPU
		{9A469775-B3EA-E493-723A-5698FA02DDDF}.Release|Any CPU.Build.0 = Release|Any CPU
	EndGlobalSection
	GlobalSection(SolutionProperties) = preSolution
		HideSolutionNode = FALSE
	EndGlobalSection
EndGlobal
